
Microsoft Visual Studio Solution File, Format Version 12.00
Project("{FAE04EC0-301F-11D3-BF4B-00C04F79EFBC}") = "SDK.CSharp", "SDK.CSharp\SDK.CSharp.csproj", "{FDA0CF05-9947-4E00-BEA5-FBB560E080E4}"
EndProject
Project("{FAE04EC0-301F-11D3-BF4B-00C04F79EFBC}") = "SDK.CSharp.Live", "SDK.CSharp.Live\SDK.CSharp.Live.csproj", "{CFC1B9EA-4BDA-41A8-8B80-3FD9E4AB65D2}"
EndProject
Project("{FAE04EC0-301F-11D3-BF4B-00C04F79EFBC}") = "SDK.CSharp.Example", "SDK.CSharp.Example\SDK.CSharp.Example.csproj", "{6957B9B6-918E-450F-BEA6-BC5DC7A718CA}"
EndProject
Project("{FAE04EC0-301F-11D3-BF4B-00C04F79EFBC}") = "SDK.CSharp.Tests", "SDK.CSharp.Tests\SDK.CSharp.Tests.csproj", "{91E73821-61A2-4655-BCD8-764ED8C93E84}"
EndProject
Project("{FAE04EC0-301F-11D3-BF4B-00C04F79EFBC}") = "SDK.CSharp.Hub", "SDK.CSharp.Hub\SDK.CSharp.Hub.csproj", "{0785B57A-DD64-4926-AAD2-A2E589349484}"
EndProject
Global
	GlobalSection(SolutionConfigurationPlatforms) = preSolution
		Debug|Any CPU = Debug|Any CPU
		Release|Any CPU = Release|Any CPU
	EndGlobalSection
	GlobalSection(ProjectConfigurationPlatforms) = postSolution
		{FDA0CF05-9947-4E00-BEA5-FBB560E080E4}.Debug|Any CPU.ActiveCfg = Debug|Any CPU
		{FDA0CF05-9947-4E00-BEA5-FBB560E080E4}.Debug|Any CPU.Build.0 = Debug|Any CPU
		{FDA0CF05-9947-4E00-BEA5-FBB560E080E4}.Release|Any CPU.ActiveCfg = Release|Any CPU
		{FDA0CF05-9947-4E00-BEA5-FBB560E080E4}.Release|Any CPU.Build.0 = Release|Any CPU
		{CFC1B9EA-4BDA-41A8-8B80-3FD9E4AB65D2}.Debug|Any CPU.ActiveCfg = Debug|Any CPU
		{CFC1B9EA-4BDA-41A8-8B80-3FD9E4AB65D2}.Debug|Any CPU.Build.0 = Debug|Any CPU
		{CFC1B9EA-4BDA-41A8-8B80-3FD9E4AB65D2}.Release|Any CPU.ActiveCfg = Release|Any CPU
		{CFC1B9EA-4BDA-41A8-8B80-3FD9E4AB65D2}.Release|Any CPU.Build.0 = Release|Any CPU
		{6957B9B6-918E-450F-BEA6-BC5DC7A718CA}.Debug|Any CPU.ActiveCfg = Debug|Any CPU
		{6957B9B6-918E-450F-BEA6-BC5DC7A718CA}.Debug|Any CPU.Build.0 = Debug|Any CPU
		{6957B9B6-918E-450F-BEA6-BC5DC7A718CA}.Release|Any CPU.ActiveCfg = Release|Any CPU
		{6957B9B6-918E-450F-BEA6-BC5DC7A718CA}.Release|Any CPU.Build.0 = Release|Any CPU
		{91E73821-61A2-4655-BCD8-764ED8C93E84}.Debug|Any CPU.ActiveCfg = Debug|Any CPU
		{91E73821-61A2-4655-BCD8-764ED8C93E84}.Debug|Any CPU.Build.0 = Debug|Any CPU
		{91E73821-61A2-4655-BCD8-764ED8C93E84}.Release|Any CPU.ActiveCfg = Release|Any CPU
		{91E73821-61A2-4655-BCD8-764ED8C93E84}.Release|Any CPU.Build.0 = Release|Any CPU
		{0785B57A-DD64-4926-AAD2-A2E589349484}.Debug|Any CPU.ActiveCfg = Debug|Any CPU
		{0785B57A-DD64-4926-AAD2-A2E589349484}.Debug|Any CPU.Build.0 = Debug|Any CPU
		{0785B57A-DD64-4926-AAD2-A2E589349484}.Release|Any CPU.ActiveCfg = Release|Any CPU
		{0785B57A-DD64-4926-AAD2-A2E589349484}.Release|Any CPU.Build.0 = Release|Any CPU
	EndGlobalSection
EndGlobal
